<?xml version="1.0" encoding="utf-8"?>
<Project ToolsVersion="4.0" xmlns="http://schemas.microsoft.com/developer/msbuild/2003">
  <ItemGroup>
    <Filter Include="源文件">
      <UniqueIdentifier>{4FC737F1-C7A5-4376-A066-2A32D752A2FF}</UniqueIdentifier>
      <Extensions>cpp;c;cc;cxx;def;odl;idl;hpj;bat;asm;asmx</Extensions>
    </Filter>
    <Filter Include="头文件">
      <UniqueIdentifier>{93995380-89BD-4b04-88EB-625FBE52EBFB}</UniqueIdentifier>
      <Extensions>h;hh;hpp;hxx;hm;inl;inc;xsd</Extensions>
    </Filter>
    <Filter Include="资源文件">
      <UniqueIdentifier>{67DA6AB6-F800-4c08-8B7A-83BB121AAD01}</UniqueIdentifier>
      <Extensions>rc;ico;cur;bmp;dlg;rc2;rct;bin;rgs;gif;jpg;jpeg;jpe;resx;tiff;tif;png;wav;mfcribbon-ms</Extensions>
    </Filter>
    <Filter Include="sqlite">
      <UniqueIdentifier>{fdd18b3c-1a67-4588-82fb-34b520e41b59}</UniqueIdentifier>
    </Filter>
    <Filter Include="sqlite\src">
      <UniqueIdentifier>{e20df7f0-e4d7-49bf-822f-deac9307a803}</UniqueIdentifier>
    </Filter>
  </ItemGroup>
  <ItemGroup>
    <Text Include="ReadMe.txt" />
  </ItemGroup>
  <ItemGroup>
    <ClInclude Include="stdafx.h">
      <Filter>头文件</Filter>
    </ClInclude>
    <ClInclude Include="targetver.h">
      <Filter>头文件</Filter>
    </ClInclude>
    <ClInclude Include="sqlite\SqliteTransfer.h">
      <Filter>sqlite</Filter>
    </ClInclude>
    <ClInclude Include="sqlite\src\sqlite3pp.h">
      <Filter>sqlite\src</Filter>
    </ClInclude>
    <ClInclude Include="sqlite\src\sqlite3ppext.h">
      <Filter>sqlite\src</Filter>
    </ClInclude>
  </ItemGroup>
  <ItemGroup>
    <ClCompile Include="stdafx.cpp">
      <Filter>源文件</Filter>
    </ClCompile>
    <ClCompile Include="sqlite\SqliteTransfer.cpp">
      <Filter>sqlite</Filter>
    </ClCompile>
    <ClCompile Include="sqlite\src\sqlite3pp.cpp">
      <Filter>sqlite\src</Filter>
    </ClCompile>
    <ClCompile Include="sqlite\src\sqlite3ppext.cpp">
      <Filter>sqlite\src</Filter>
    </ClCompile>
  </ItemGroup>
</Project>